
Microsoft Visual Studio Solution File, Format Version 12.00
# Visual Studio Version 17
VisualStudioVersion = 17.2.32526.322
MinimumVisualStudioVersion = 10.0.40219.1
Project("{FAE04EC0-301F-11D3-BF4B-00C04F79EFBC}") = "projectt", "projectt.csproj", "{D5DA8ED9-F687-488A-9DA9-02DFDC26AFC6}"
EndProject
Global
	GlobalSection(SolutionConfigurationPlatforms) = preSolution
		Debug|Any CPU = Debug|Any CPU
		Release|Any CPU = Release|Any CPU
	EndGlobalSection
	GlobalSection(ProjectConfigurationPlatforms) = postSolution
		{D5DA8ED9-F687-488A-9DA9-02DFDC26AFC6}.Debug|Any CPU.ActiveCfg = Debug|Any CPU
		{D5DA8ED9-F687-488A-9DA9-02DFDC26AFC6}.Debug|Any CPU.Build.0 = Debug|Any CPU
		{D5DA8ED9-F687-488A-9DA9-02DFDC26AFC6}.Release|Any CPU.ActiveCfg = Release|Any CPU
		{D5DA8ED9-F687-488A-9DA9-02DFDC26AFC6}.Release|Any CPU.Build.0 = Release|Any CPU
	EndGlobalSection
	GlobalSection(SolutionProperties) = preSolution
		HideSolutionNode = FALSE
	EndGlobalSection
	GlobalSection(ExtensibilityGlobals) = postSolution
		SolutionGuid = {6E6F9477-5728-4AEB-A9EB-DD103821D1F0}
	EndGlobalSection
EndGlobal
